{
  "version": 4,
  "terraform_version": "1.4.4",
  "serial": 38,
  "lineage": "1ffcd3de-ea6a-87f4-a58b-3b28ff2a0b1f",
  "outputs": {},
  "resources": [
    {
      "mode": "managed",
      "type": "azurerm_function_app_function",
      "name": "faf",
      "provider": "provider[\"registry.terraform.io/hashicorp/azurerm\"]",
      "instances": [
        {
          "schema_version": 0,
          "attributes": {
            "config_json": "{\"bindings\":[{\"authLevel\":\"anonymous\",\"direction\":\"in\",\"methods\":[\"get\",\"post\"],\"name\":\"req\",\"type\":\"httpTrigger\"},{\"direction\":\"out\",\"name\":\"res\",\"type\":\"http\"}]}",
            "config_url": "https://function-app-remelit4.azurewebsites.net/admin/vfs/site/wwwroot/faf/function.json",
            "enabled": true,
            "file": [
              {
                "content": "module.exports = async function (context, req) {\n    context.log('JavaScript HTTP trigger function processed a request.');\n\n    const name = (req.query.name || (req.body \u0026\u0026 req.body.name));\n    const responseMessage = name\n        ? {'id': name}\n        : \"This HTTP triggered function executed successfully. Pass a name in the query string or in the request body for a personalized response.\";\n\n    context.res = {\n        // status: 200, /* Defaults to 200 */\n        body: responseMessage\n    };\n}",
                "name": "index.js"
              }
            ],
            "function_app_id": "/subscriptions/dd3c6458-9c83-4c78-8668-b3f070d4561a/resourceGroups/rg/providers/Microsoft.Web/sites/function-app-remelit4",
            "id": "/subscriptions/dd3c6458-9c83-4c78-8668-b3f070d4561a/resourceGroups/rg/providers/Microsoft.Web/sites/function-app-remelit4/functions/faf",
            "invocation_url": "https://function-app-remelit4.azurewebsites.net/api/faf",
            "language": "Javascript",
            "name": "faf",
            "script_root_path_url": "https://function-app-remelit4.azurewebsites.net/admin/vfs/site/wwwroot/faf/",
            "script_url": "https://function-app-remelit4.azurewebsites.net/admin/vfs/site/wwwroot/faf/index.js",
            "secrets_file_url": "",
            "test_data": "{\"name\":\"Azure\"}",
            "test_data_url": "https://function-app-remelit4.azurewebsites.net/admin/vfs/data/Functions/sampledata/faf.dat",
            "timeouts": null,
            "url": "https://function-app-remelit4.azurewebsites.net/admin/functions/faf"
          },
          "sensitive_attributes": [],
          "private": "eyJlMmJmYjczMC1lY2FhLTExZTYtOGY4OC0zNDM2M2JjN2M0YzAiOnsiY3JlYXRlIjoxODAwMDAwMDAwMDAwLCJkZWxldGUiOjMwMDAwMDAwMDAwMCwicmVhZCI6MzAwMDAwMDAwMDAwLCJ1cGRhdGUiOjE4MDAwMDAwMDAwMDB9fQ==",
          "dependencies": [
            "azurerm_windows_function_app.wfa"
          ]
        }
      ]
    },
    {
      "mode": "managed",
      "type": "azurerm_resource_group",
      "name": "rg",
      "provider": "provider[\"registry.terraform.io/hashicorp/azurerm\"]",
      "instances": [
        {
          "schema_version": 0,
          "attributes": {
            "id": "/subscriptions/dd3c6458-9c83-4c78-8668-b3f070d4561a/resourceGroups/rg",
            "location": "eastus",
            "name": "rg",
            "tags": {},
            "timeouts": null
          },
          "sensitive_attributes": [],
          "private": "eyJlMmJmYjczMC1lY2FhLTExZTYtOGY4OC0zNDM2M2JjN2M0YzAiOnsiY3JlYXRlIjo1NDAwMDAwMDAwMDAwLCJkZWxldGUiOjU0MDAwMDAwMDAwMDAsInJlYWQiOjMwMDAwMDAwMDAwMCwidXBkYXRlIjo1NDAwMDAwMDAwMDAwfX0="
        }
      ]
    },
    {
      "mode": "managed",
      "type": "azurerm_service_plan",
      "name": "sp",
      "provider": "provider[\"registry.terraform.io/hashicorp/azurerm\"]",
      "instances": [
        {
          "schema_version": 0,
          "attributes": {
            "app_service_environment_id": "",
            "id": "/subscriptions/dd3c6458-9c83-4c78-8668-b3f070d4561a/resourceGroups/rg/providers/Microsoft.Web/serverfarms/sp",
            "kind": "functionapp",
            "location": "eastus",
            "maximum_elastic_worker_count": 1,
            "name": "sp",
            "os_type": "Windows",
            "per_site_scaling_enabled": false,
            "reserved": false,
            "resource_group_name": "rg",
            "sku_name": "Y1",
            "tags": {},
            "timeouts": null,
            "worker_count": 0
          },
          "sensitive_attributes": [],
          "private": "eyJlMmJmYjczMC1lY2FhLTExZTYtOGY4OC0zNDM2M2JjN2M0YzAiOnsiY3JlYXRlIjozNjAwMDAwMDAwMDAwLCJkZWxldGUiOjM2MDAwMDAwMDAwMDAsInJlYWQiOjMwMDAwMDAwMDAwMCwidXBkYXRlIjozNjAwMDAwMDAwMDAwfX0=",
          "dependencies": [
            "azurerm_resource_group.rg"
          ]
        }
      ]
    },
    {
      "mode": "managed",
      "type": "azurerm_storage_account",
      "name": "storageaccountterramelo1",
      "provider": "provider[\"registry.terraform.io/hashicorp/azurerm\"]",
      "instances": [
        {
          "schema_version": 3,
          "attributes": {
            "access_tier": "Hot",
            "account_kind": "StorageV2",
            "account_replication_type": "LRS",
            "account_tier": "Standard",
            "allow_nested_items_to_be_public": true,
            "azure_files_authentication": [],
            "blob_properties": [
              {
                "change_feed_enabled": false,
                "container_delete_retention_policy": [],
                "cors_rule": [],
                "default_service_version": "",
                "delete_retention_policy": [],
                "last_access_time_enabled": false,
                "versioning_enabled": false
              }
            ],
            "custom_domain": [],
            "customer_managed_key": [],
            "edge_zone": "",
            "enable_https_traffic_only": true,
            "id": "/subscriptions/dd3c6458-9c83-4c78-8668-b3f070d4561a/resourceGroups/rg/providers/Microsoft.Storage/storageAccounts/storageaccountterramelo1",
            "identity": [],
            "infrastructure_encryption_enabled": false,
            "is_hns_enabled": false,
            "large_file_share_enabled": null,
            "location": "eastus",
            "min_tls_version": "TLS1_2",
            "name": "storageaccountterramelo1",
            "network_rules": [
              {
                "bypass": [
                  "AzureServices"
                ],
                "default_action": "Allow",
                "ip_rules": [],
                "private_link_access": [],
                "virtual_network_subnet_ids": []
              }
            ],
            "nfsv3_enabled": false,
            "primary_access_key": "BLHYuIKFv0i1qQ4TGbrkPUabMdjbj5vxuo5OQ5dGlbvR4F1hus43WFz8WnI3dwCCkaoZhRQ9wjsj+AStrGA0Yw==",
            "primary_blob_connection_string": "DefaultEndpointsProtocol=https;BlobEndpoint=https://storageaccountterramelo1.blob.core.windows.net/;AccountName=storageaccountterramelo1;AccountKey=BLHYuIKFv0i1qQ4TGbrkPUabMdjbj5vxuo5OQ5dGlbvR4F1hus43WFz8WnI3dwCCkaoZhRQ9wjsj+AStrGA0Yw==",
            "primary_blob_endpoint": "https://storageaccountterramelo1.blob.core.windows.net/",
            "primary_blob_host": "storageaccountterramelo1.blob.core.windows.net",
            "primary_connection_string": "DefaultEndpointsProtocol=https;AccountName=storageaccountterramelo1;AccountKey=BLHYuIKFv0i1qQ4TGbrkPUabMdjbj5vxuo5OQ5dGlbvR4F1hus43WFz8WnI3dwCCkaoZhRQ9wjsj+AStrGA0Yw==;EndpointSuffix=core.windows.net",
            "primary_dfs_endpoint": "https://storageaccountterramelo1.dfs.core.windows.net/",
            "primary_dfs_host": "storageaccountterramelo1.dfs.core.windows.net",
            "primary_file_endpoint": "https://storageaccountterramelo1.file.core.windows.net/",
            "primary_file_host": "storageaccountterramelo1.file.core.windows.net",
            "primary_location": "eastus",
            "primary_queue_endpoint": "https://storageaccountterramelo1.queue.core.windows.net/",
            "primary_queue_host": "storageaccountterramelo1.queue.core.windows.net",
            "primary_table_endpoint": "https://storageaccountterramelo1.table.core.windows.net/",
            "primary_table_host": "storageaccountterramelo1.table.core.windows.net",
            "primary_web_endpoint": "https://storageaccountterramelo1.z13.web.core.windows.net/",
            "primary_web_host": "storageaccountterramelo1.z13.web.core.windows.net",
            "queue_encryption_key_type": "Service",
            "queue_properties": [
              {
                "cors_rule": [],
                "hour_metrics": [
                  {
                    "enabled": true,
                    "include_apis": true,
                    "retention_policy_days": 7,
                    "version": "1.0"
                  }
                ],
                "logging": [
                  {
                    "delete": false,
                    "read": false,
                    "retention_policy_days": 0,
                    "version": "1.0",
                    "write": false
                  }
                ],
                "minute_metrics": [
                  {
                    "enabled": false,
                    "include_apis": false,
                    "retention_policy_days": 0,
                    "version": "1.0"
                  }
                ]
              }
            ],
            "resource_group_name": "rg",
            "routing": [],
            "secondary_access_key": "uqVCokNimx+qEt0Cbhr32ilU/8iZBHM8QTD6JjrXSZ9Tz+4NdJKAIlsGJsUjVY7uLZ6GgQGb+RUv+AStXXLBVw==",
            "secondary_blob_connection_string": "",
            "secondary_blob_endpoint": null,
            "secondary_blob_host": null,
            "secondary_connection_string": "DefaultEndpointsProtocol=https;AccountName=storageaccountterramelo1;AccountKey=uqVCokNimx+qEt0Cbhr32ilU/8iZBHM8QTD6JjrXSZ9Tz+4NdJKAIlsGJsUjVY7uLZ6GgQGb+RUv+AStXXLBVw==;EndpointSuffix=core.windows.net",
            "secondary_dfs_endpoint": null,
            "secondary_dfs_host": null,
            "secondary_file_endpoint": null,
            "secondary_file_host": null,
            "secondary_location": "",
            "secondary_queue_endpoint": null,
            "secondary_queue_host": null,
            "secondary_table_endpoint": null,
            "secondary_table_host": null,
            "secondary_web_endpoint": null,
            "secondary_web_host": null,
            "share_properties": [
              {
                "cors_rule": [],
                "retention_policy": [
                  {
                    "days": 7
                  }
                ],
                "smb": []
              }
            ],
            "shared_access_key_enabled": true,
            "static_website": [],
            "table_encryption_key_type": "Service",
            "tags": {},
            "timeouts": null
          },
          "sensitive_attributes": [],
          "private": "eyJlMmJmYjczMC1lY2FhLTExZTYtOGY4OC0zNDM2M2JjN2M0YzAiOnsiY3JlYXRlIjozNjAwMDAwMDAwMDAwLCJkZWxldGUiOjM2MDAwMDAwMDAwMDAsInJlYWQiOjMwMDAwMDAwMDAwMCwidXBkYXRlIjozNjAwMDAwMDAwMDAwfSwic2NoZW1hX3ZlcnNpb24iOiIzIn0=",
          "dependencies": [
            "azurerm_resource_group.rg"
          ]
        }
      ]
    },
    {
      "mode": "managed",
      "type": "azurerm_windows_function_app",
      "name": "wfa",
      "provider": "provider[\"registry.terraform.io/hashicorp/azurerm\"]",
      "instances": [
        {
          "schema_version": 0,
          "attributes": {
            "app_settings": {},
            "auth_settings": [
              {
                "active_directory": [],
                "additional_login_parameters": {},
                "allowed_external_redirect_urls": [],
                "default_provider": "",
                "enabled": false,
                "facebook": [],
                "github": [],
                "google": [],
                "issuer": "",
                "microsoft": [],
                "runtime_version": "",
                "token_refresh_extension_hours": 0,
                "token_store_enabled": false,
                "twitter": [],
                "unauthenticated_client_action": ""
              }
            ],
            "backup": [],
            "builtin_logging_enabled": true,
            "client_certificate_enabled": false,
            "client_certificate_mode": "Optional",
            "connection_string": [],
            "content_share_force_disabled": false,
            "custom_domain_verification_id": "",
            "daily_memory_time_quota": 0,
            "default_hostname": "",
            "enabled": true,
            "functions_extension_version": "~4",
            "https_only": false,
            "id": "/subscriptions/dd3c6458-9c83-4c78-8668-b3f070d4561a/resourceGroups/rg/providers/Microsoft.Web/sites/function-app-remelit4",
            "identity": [],
            "key_vault_reference_identity_id": "SystemAssigned",
            "kind": "functionapp",
            "location": "eastus",
            "name": "function-app-remelit4",
            "outbound_ip_address_list": [],
            "outbound_ip_addresses": "",
            "possible_outbound_ip_address_list": [],
            "possible_outbound_ip_addresses": "",
            "resource_group_name": "rg",
            "service_plan_id": "/subscriptions/dd3c6458-9c83-4c78-8668-b3f070d4561a/resourceGroups/rg/providers/Microsoft.Web/serverfarms/sp",
            "site_config": [
              {
                "always_on": false,
                "api_definition_url": "",
                "api_management_api_id": "",
                "app_command_line": "",
                "app_scale_limit": 200,
                "app_service_logs": [],
                "application_insights_connection_string": "",
                "application_insights_key": "",
                "application_stack": [
                  {
                    "dotnet_version": "",
                    "java_version": "",
                    "node_version": "~16",
                    "powershell_core_version": "",
                    "use_custom_runtime": false,
                    "use_dotnet_isolated_runtime": false
                  }
                ],
                "cors": [],
                "default_documents": [
                  "Default.htm",
                  "Default.html",
                  "Default.asp",
                  "index.htm",
                  "index.html",
                  "iisstart.htm",
                  "default.aspx",
                  "index.php"
                ],
                "detailed_error_logging_enabled": false,
                "elastic_instance_minimum": 0,
                "ftps_state": "Disabled",
                "health_check_eviction_time_in_min": 0,
                "health_check_path": "",
                "http2_enabled": false,
                "ip_restriction": [],
                "load_balancing_mode": "LeastRequests",
                "managed_pipeline_mode": "Integrated",
                "minimum_tls_version": "1.2",
                "pre_warmed_instance_count": 0,
                "remote_debugging_enabled": false,
                "remote_debugging_version": "",
                "runtime_scale_monitoring_enabled": false,
                "scm_ip_restriction": [],
                "scm_minimum_tls_version": "1.2",
                "scm_type": "None",
                "scm_use_main_ip_restriction": false,
                "use_32_bit_worker": true,
                "vnet_route_all_enabled": false,
                "websockets_enabled": false,
                "windows_fx_version": "Node|~16",
                "worker_count": 1
              }
            ],
            "site_credential": [
              {
                "name": "$function-app-remelit4",
                "password": "9lfXLEgGdb2xWx1MFxuLjYrBH1Jdl99Bz4Q9o4RvyP4bEa7yRKpyEnzqDX3A"
              }
            ],
            "storage_account_access_key": "BLHYuIKFv0i1qQ4TGbrkPUabMdjbj5vxuo5OQ5dGlbvR4F1hus43WFz8WnI3dwCCkaoZhRQ9wjsj+AStrGA0Yw==",
            "storage_account_name": "storageaccountterramelo1",
            "storage_key_vault_secret_id": "",
            "storage_uses_managed_identity": false,
            "tags": {},
            "timeouts": null
          },
          "sensitive_attributes": [
            [
              {
                "type": "get_attr",
                "value": "storage_account_access_key"
              }
            ]
          ],
          "private": "eyJlMmJmYjczMC1lY2FhLTExZTYtOGY4OC0zNDM2M2JjN2M0YzAiOnsiY3JlYXRlIjoxODAwMDAwMDAwMDAwLCJkZWxldGUiOjE4MDAwMDAwMDAwMDAsInJlYWQiOjMwMDAwMDAwMDAwMCwidXBkYXRlIjoxODAwMDAwMDAwMDAwfX0=",
          "dependencies": [
            "azurerm_resource_group.rg",
            "azurerm_service_plan.sp",
            "azurerm_storage_account.storageaccountterramelo1"
          ]
        }
      ]
    }
  ],
  "check_results": null
}
